
Microsoft Visual Studio Solution File, Format Version 12.00
# Visual Studio Version 17
VisualStudioVersion = 17.0.31903.59
MinimumVisualStudioVersion = 10.0.40219.1
Project("{FAE04EC0-301F-11D3-BF4B-00C04F79EFBC}") = "IndyPegSolver", "IndyPegSolver\IndyPegSolver.csproj", "{0F490BF9-95D5-476C-B200-8CBB5DFC4AB2}"
EndProject
Project("{FAE04EC0-301F-11D3-BF4B-00C04F79EFBC}") = "IndyPegSolver.Tests", "IndyPegSolver.Tests\IndyPegSolver.Tests.csproj", "{48EF9C8D-7BFA-425F-8D66-06D6BB9CA245}"
EndProject
Global
	GlobalSection(SolutionConfigurationPlatforms) = preSolution
		Debug|Any CPU = Debug|Any CPU
		Release|Any CPU = Release|Any CPU
	EndGlobalSection
	GlobalSection(SolutionProperties) = preSolution
		HideSolutionNode = FALSE
	EndGlobalSection
	GlobalSection(ProjectConfigurationPlatforms) = postSolution
		{0F490BF9-95D5-476C-B200-8CBB5DFC4AB2}.Debug|Any CPU.ActiveCfg = Debug|Any CPU
		{0F490BF9-95D5-476C-B200-8CBB5DFC4AB2}.Debug|Any CPU.Build.0 = Debug|Any CPU
		{0F490BF9-95D5-476C-B200-8CBB5DFC4AB2}.Release|Any CPU.ActiveCfg = Release|Any CPU
		{0F490BF9-95D5-476C-B200-8CBB5DFC4AB2}.Release|Any CPU.Build.0 = Release|Any CPU
		{48EF9C8D-7BFA-425F-8D66-06D6BB9CA245}.Debug|Any CPU.ActiveCfg = Debug|Any CPU
		{48EF9C8D-7BFA-425F-8D66-06D6BB9CA245}.Debug|Any CPU.Build.0 = Debug|Any CPU
		{48EF9C8D-7BFA-425F-8D66-06D6BB9CA245}.Release|Any CPU.ActiveCfg = Release|Any CPU
		{48EF9C8D-7BFA-425F-8D66-06D6BB9CA245}.Release|Any CPU.Build.0 = Release|Any CPU
	EndGlobalSection
EndGlobal
